
Microsoft Visual Studio Solution File, Format Version 12.00
# Visual Studio Version 16
VisualStudioVersion = 16.0.30907.101
MinimumVisualStudioVersion = 10.0.40219.1
Project("{FAE04EC0-301F-11D3-BF4B-00C04F79EFBC}") = "Linq via XML", "Linq via XML\Linq via XML.csproj", "{639BBFEF-1823-41F6-B90C-F6934274F561}"
EndProject
Global
	GlobalSection(SolutionConfigurationPlatforms) = preSolution
		Debug|Any CPU = Debug|Any CPU
		Release|Any CPU = Release|Any CPU
	EndGlobalSection
	GlobalSection(ProjectConfigurationPlatforms) = postSolution
		{639BBFEF-1823-41F6-B90C-F6934274F561}.Debug|Any CPU.ActiveCfg = Debug|Any CPU
		{639BBFEF-1823-41F6-B90C-F6934274F561}.Debug|Any CPU.Build.0 = Debug|Any CPU
		{639BBFEF-1823-41F6-B90C-F6934274F561}.Release|Any CPU.ActiveCfg = Release|Any CPU
		{639BBFEF-1823-41F6-B90C-F6934274F561}.Release|Any CPU.Build.0 = Release|Any CPU
	EndGlobalSection
	GlobalSection(SolutionProperties) = preSolution
		HideSolutionNode = FALSE
	EndGlobalSection
	GlobalSection(ExtensibilityGlobals) = postSolution
		SolutionGuid = {4877CF34-E040-49BD-98D3-39A107D48EE2}
	EndGlobalSection
EndGlobal
